# Generated by pub
# See https://www.dartlang.org/tools/pub/glossary#lockfile
packages:
  meta:
    dependency: "direct main"
    description:
      name: meta
      url: "https://pub.dartlang.org"
    source: hosted
    version: "1.1.6"
  rxdart:
    dependency: "direct main"
    description:
      name: rxdart
      url: "https://pub.dartlang.org"
    source: hosted
    version: "0.22.0"
sdks:
  dart: ">=2.2.2 <3.0.0"
